
Microsoft Visual Studio Solution File, Format Version 12.00
# Visual Studio Version 16
VisualStudioVersion = 25.0.1705.3
MinimumVisualStudioVersion = 10.0.40219.1
Project("{FAE04EC0-301F-11D3-BF4B-00C04F79EFBC}") = "CCOGWebsite", "CCOGWebsite\CCOGWebsite.csproj", "{98E40FC9-093B-42DB-9DA8-9745300A83C6}"
EndProject
Global
	GlobalSection(SolutionConfigurationPlatforms) = preSolution
		Debug|Any CPU = Debug|Any CPU
		Release|Any CPU = Release|Any CPU
	EndGlobalSection
	GlobalSection(ProjectConfigurationPlatforms) = postSolution
		{98E40FC9-093B-42DB-9DA8-9745300A83C6}.Debug|Any CPU.ActiveCfg = Debug|Any CPU
		{98E40FC9-093B-42DB-9DA8-9745300A83C6}.Debug|Any CPU.Build.0 = Debug|Any CPU
		{98E40FC9-093B-42DB-9DA8-9745300A83C6}.Release|Any CPU.ActiveCfg = Release|Any CPU
		{98E40FC9-093B-42DB-9DA8-9745300A83C6}.Release|Any CPU.Build.0 = Release|Any CPU
	EndGlobalSection
	GlobalSection(SolutionProperties) = preSolution
		HideSolutionNode = FALSE
	EndGlobalSection
	GlobalSection(ExtensibilityGlobals) = postSolution
		SolutionGuid = {A8C18E63-5864-40BC-8D50-10A38980F9A3}
	EndGlobalSection
EndGlobal
